
Microsoft Visual Studio Solution File, Format Version 12.00
# Visual Studio Version 17
VisualStudioVersion = 17.10.34916.146
MinimumVisualStudioVersion = 10.0.40219.1
Project("{9A19103F-16F7-4668-BE54-9A1E7A4F7556}") = "DemoDatabaseFirst", "DemoDatabaseFirst\DemoDatabaseFirst.csproj", "{0CF49DF7-CE3F-480E-9CCC-4941EBD9370A}"
EndProject
Project("{FAE04EC0-301F-11D3-BF4B-00C04F79EFBC}") = "Wpf_CodeFirst", "Wpf_CodeFirst\Wpf_CodeFirst.csproj", "{96DCDD07-9059-4DDF-A592-214ED4FC5D9E}"
EndProject
Global
	GlobalSection(SolutionConfigurationPlatforms) = preSolution
		Debug|Any CPU = Debug|Any CPU
		Release|Any CPU = Release|Any CPU
	EndGlobalSection
	GlobalSection(ProjectConfigurationPlatforms) = postSolution
		{0CF49DF7-CE3F-480E-9CCC-4941EBD9370A}.Debug|Any CPU.ActiveCfg = Debug|Any CPU
		{0CF49DF7-CE3F-480E-9CCC-4941EBD9370A}.Debug|Any CPU.Build.0 = Debug|Any CPU
		{0CF49DF7-CE3F-480E-9CCC-4941EBD9370A}.Release|Any CPU.ActiveCfg = Release|Any CPU
		{0CF49DF7-CE3F-480E-9CCC-4941EBD9370A}.Release|Any CPU.Build.0 = Release|Any CPU
		{96DCDD07-9059-4DDF-A592-214ED4FC5D9E}.Debug|Any CPU.ActiveCfg = Debug|Any CPU
		{96DCDD07-9059-4DDF-A592-214ED4FC5D9E}.Debug|Any CPU.Build.0 = Debug|Any CPU
		{96DCDD07-9059-4DDF-A592-214ED4FC5D9E}.Release|Any CPU.ActiveCfg = Release|Any CPU
		{96DCDD07-9059-4DDF-A592-214ED4FC5D9E}.Release|Any CPU.Build.0 = Release|Any CPU
	EndGlobalSection
	GlobalSection(SolutionProperties) = preSolution
		HideSolutionNode = FALSE
	EndGlobalSection
	GlobalSection(ExtensibilityGlobals) = postSolution
		SolutionGuid = {02605C62-F807-4E03-8F1D-9E4472B35D3E}
	EndGlobalSection
EndGlobal
